// !$*UTF8*$!
{
	archiveVersion = 1;
	classes = {
	};
	objectVersion = 50;
	objects = {

/* Begin PBXBuildFile section */
		4D7192E6210DC56600BC8876 /* TextLoadingAnimator.swift in Sources */ = {isa = PBXBuildFile; fileRef = 4D7192E5210DC56600BC8876 /* TextLoadingAnimator.swift */; };
		4D7192E8210E17DB00BC8876 /* ListViewController.swift in Sources */ = {isa = PBXBuildFile; fileRef = 4D7192E7210E17DB00BC8876 /* ListViewController.swift */; };
		4D7192EA210E1BAF00BC8876 /* UIViewController.swift in Sources */ = {isa = PBXBuildFile; fileRef = 4D7192E9210E1BAF00BC8876 /* UIViewController.swift */; };
		4D81760F2101C9A600711BD6 /* Assets.xcassets in Resources */ = {isa = PBXBuildFile; fileRef = 4D8176062101C9A500711BD6 /* Assets.xcassets */; };
		4D8176102101C9A600711BD6 /* LaunchScreen.storyboard in Resources */ = {isa = PBXBuildFile; fileRef = 4D8176072101C9A500711BD6 /* LaunchScreen.storyboard */; };
		4D8176112101C9A600711BD6 /* Main.storyboard in Resources */ = {isa = PBXBuildFile; fileRef = 4D8176092101C9A500711BD6 /* Main.storyboard */; };
		4D8176132101C9A600711BD6 /* RefreshViewController.swift in Sources */ = {isa = PBXBuildFile; fileRef = 4D81760D2101C9A500711BD6 /* RefreshViewController.swift */; };
		4D8176142101C9A600711BD6 /* AppDelegate.swift in Sources */ = {isa = PBXBuildFile; fileRef = 4D81760E2101C9A500711BD6 /* AppDelegate.swift */; };
		4D8CA0E221024AFA005D0875 /* SampleCell.swift in Sources */ = {isa = PBXBuildFile; fileRef = 4D8CA0E021024AFA005D0875 /* SampleCell.swift */; };
		4D8CA0E321024AFA005D0875 /* SampleCell.xib in Resources */ = {isa = PBXBuildFile; fileRef = 4D8CA0E121024AFA005D0875 /* SampleCell.xib */; };
		4D8CA0F42102F2A6005D0875 /* Refreshable.framework in Frameworks */ = {isa = PBXBuildFile; fileRef = 4D8CA0F12102EE54005D0875 /* Refreshable.framework */; };
/* End PBXBuildFile section */

/* Begin PBXContainerItemProxy section */
		4D8CA0F02102EE54005D0875 /* PBXContainerItemProxy */ = {
			isa = PBXContainerItemProxy;
			containerPortal = 4D8CA0EC2102EE54005D0875 /* Refreshable.xcodeproj */;
			proxyType = 2;
			remoteGlobalIDString = 4D8175D02101BF4600711BD6;
			remoteInfo = Refreshable;
		};
		4D8CA0F22102F2A1005D0875 /* PBXContainerItemProxy */ = {
			isa = PBXContainerItemProxy;
			containerPortal = 4D8CA0EC2102EE54005D0875 /* Refreshable.xcodeproj */;
			proxyType = 1;
			remoteGlobalIDString = 4D8175CF2101BF4600711BD6;
			remoteInfo = Refreshable;
		};
/* End PBXContainerItemProxy section */

/* Begin PBXFileReference section */
		4D7192E5210DC56600BC8876 /* TextLoadingAnimator.swift */ = {isa = PBXFileReference; lastKnownFileType = sourcecode.swift; path = TextLoadingAnimator.swift; sourceTree = "<group>"; };
		4D7192E7210E17DB00BC8876 /* ListViewController.swift */ = {isa = PBXFileReference; lastKnownFileType = sourcecode.swift; path = ListViewController.swift; sourceTree = "<group>"; };
		4D7192E9210E1BAF00BC8876 /* UIViewController.swift */ = {isa = PBXFileReference; lastKnownFileType = sourcecode.swift; path = UIViewController.swift; sourceTree = "<group>"; };
		4D8175EF2101C90B00711BD6 /* iOS Example.app */ = {isa = PBXFileReference; explicitFileType = wrapper.application; includeInIndex = 0; path = "iOS Example.app"; sourceTree = BUILT_PRODUCTS_DIR; };
		4D8176062101C9A500711BD6 /* Assets.xcassets */ = {isa = PBXFileReference; lastKnownFileType = folder.assetcatalog; path = Assets.xcassets; sourceTree = "<group>"; };
		4D8176082101C9A500711BD6 /* Base */ = {isa = PBXFileReference; lastKnownFileType = file.storyboard; name = Base; path = Base.lproj/LaunchScreen.storyboard; sourceTree = "<group>"; };
		4D81760A2101C9A500711BD6 /* Base */ = {isa = PBXFileReference; lastKnownFileType = file.storyboard; name = Base; path = Base.lproj/Main.storyboard; sourceTree = "<group>"; };
		4D81760B2101C9A500711BD6 /* Info.plist */ = {isa = PBXFileReference; fileEncoding = 4; lastKnownFileType = text.plist.xml; path = Info.plist; sourceTree = "<group>"; };
		4D81760D2101C9A500711BD6 /* RefreshViewController.swift */ = {isa = PBXFileReference; fileEncoding = 4; lastKnownFileType = sourcecode.swift; path = RefreshViewController.swift; sourceTree = "<group>"; };
		4D81760E2101C9A500711BD6 /* AppDelegate.swift */ = {isa = PBXFileReference; fileEncoding = 4; lastKnownFileType = sourcecode.swift; path = AppDelegate.swift; sourceTree = "<group>"; };
		4D8CA0E021024AFA005D0875 /* SampleCell.swift */ = {isa = PBXFileReference; lastKnownFileType = sourcecode.swift; path = SampleCell.swift; sourceTree = "<group>"; };
		4D8CA0E121024AFA005D0875 /* SampleCell.xib */ = {isa = PBXFileReference; lastKnownFileType = file.xib; path = SampleCell.xib; sourceTree = "<group>"; };
		4D8CA0EC2102EE54005D0875 /* Refreshable.xcodeproj */ = {isa = PBXFileReference; lastKnownFileType = "wrapper.pb-project"; name = Refreshable.xcodeproj; path = ../Refreshable.xcodeproj; sourceTree = "<group>"; };
/* End PBXFileReference section */

/* Begin PBXFrameworksBuildPhase section */
		4D8175EC2101C90B00711BD6 /* Frameworks */ = {
			isa = PBXFrameworksBuildPhase;
			buildActionMask = 2147483647;
			files = (
				4D8CA0F42102F2A6005D0875 /* Refreshable.framework in Frameworks */,
			);
			runOnlyForDeploymentPostprocessing = 0;
		};
/* End PBXFrameworksBuildPhase section */

/* Begin PBXGroup section */
		4D7192EB210E1BB400BC8876 /* Extensions */ = {
			isa = PBXGroup;
			children = (
				4D7192E9210E1BAF00BC8876 /* UIViewController.swift */,
			);
			path = Extensions;
			sourceTree = "<group>";
		};
		4D8175E62101C90B00711BD6 = {
			isa = PBXGroup;
			children = (
				4D8CA0EC2102EE54005D0875 /* Refreshable.xcodeproj */,
				4D8175F02101C90B00711BD6 /* Products */,
				4D8176052101C9A500711BD6 /* Resources */,
				4D81760C2101C9A500711BD6 /* Source */,
				4D8CA0E42102EA64005D0875 /* Frameworks */,
			);
			sourceTree = "<group>";
		};
		4D8175F02101C90B00711BD6 /* Products */ = {
			isa = PBXGroup;
			children = (
				4D8175EF2101C90B00711BD6 /* iOS Example.app */,
			);
			name = Products;
			sourceTree = "<group>";
		};
		4D8176052101C9A500711BD6 /* Resources */ = {
			isa = PBXGroup;
			children = (
				4D8176062101C9A500711BD6 /* Assets.xcassets */,
				4D8176072101C9A500711BD6 /* LaunchScreen.storyboard */,
				4D8176092101C9A500711BD6 /* Main.storyboard */,
				4D81760B2101C9A500711BD6 /* Info.plist */,
			);
			path = Resources;
			sourceTree = "<group>";
		};
		4D81760C2101C9A500711BD6 /* Source */ = {
			isa = PBXGroup;
			children = (
				4D7192EB210E1BB400BC8876 /* Extensions */,
				4D81762A2101FE2900711BD6 /* Controller */,
				4D8176282101FDF000711BD6 /* View */,
				4D81760E2101C9A500711BD6 /* AppDelegate.swift */,
			);
			path = Source;
			sourceTree = "<group>";
		};
		4D8176282101FDF000711BD6 /* View */ = {
			isa = PBXGroup;
			children = (
				4D8CA0E021024AFA005D0875 /* SampleCell.swift */,
				4D8CA0E121024AFA005D0875 /* SampleCell.xib */,
				4D7192E5210DC56600BC8876 /* TextLoadingAnimator.swift */,
			);
			path = View;
			sourceTree = "<group>";
		};
		4D81762A2101FE2900711BD6 /* Controller */ = {
			isa = PBXGroup;
			children = (
				4D81760D2101C9A500711BD6 /* RefreshViewController.swift */,
				4D7192E7210E17DB00BC8876 /* ListViewController.swift */,
			);
			path = Controller;
			sourceTree = "<group>";
		};
		4D8CA0E42102EA64005D0875 /* Frameworks */ = {
			isa = PBXGroup;
			children = (
			);
			name = Frameworks;
			sourceTree = "<group>";
		};
		4D8CA0ED2102EE54005D0875 /* Products */ = {
			isa = PBXGroup;
			children = (
				4D8CA0F12102EE54005D0875 /* Refreshable.framework */,
			);
			name = Products;
			sourceTree = "<group>";
		};
/* End PBXGroup section */

/* Begin PBXNativeTarget section */
		4D8175EE2101C90B00711BD6 /* iOS Example */ = {
			isa = PBXNativeTarget;
			buildConfigurationList = 4D8176012101C90C00711BD6 /* Build configuration list for PBXNativeTarget "iOS Example" */;
			buildPhases = (
				4D8175EB2101C90B00711BD6 /* Sources */,
				4D8175EC2101C90B00711BD6 /* Frameworks */,
				4D8175ED2101C90B00711BD6 /* Resources */,
			);
			buildRules = (
			);
			dependencies = (
				4D8CA0F32102F2A1005D0875 /* PBXTargetDependency */,
			);
			name = "iOS Example";
			productName = "iOS Example";
			productReference = 4D8175EF2101C90B00711BD6 /* iOS Example.app */;
			productType = "com.apple.product-type.application";
		};
/* End PBXNativeTarget section */

/* Begin PBXProject section */
		4D8175E72101C90B00711BD6 /* Project object */ = {
			isa = PBXProject;
			attributes = {
				LastSwiftUpdateCheck = 0940;
				LastUpgradeCheck = 0940;
				ORGANIZATIONNAME = toprating;
				TargetAttributes = {
					4D8175EE2101C90B00711BD6 = {
						CreatedOnToolsVersion = 9.4.1;
					};
				};
			};
			buildConfigurationList = 4D8175EA2101C90B00711BD6 /* Build configuration list for PBXProject "iOS Example" */;
			compatibilityVersion = "Xcode 9.3";
			developmentRegion = en;
			hasScannedForEncodings = 0;
			knownRegions = (
				en,
				Base,
			);
			mainGroup = 4D8175E62101C90B00711BD6;
			productRefGroup = 4D8175F02101C90B00711BD6 /* Products */;
			projectDirPath = "";
			projectReferences = (
				{
					ProductGroup = 4D8CA0ED2102EE54005D0875 /* Products */;
					ProjectRef = 4D8CA0EC2102EE54005D0875 /* Refreshable.xcodeproj */;
				},
			);
			projectRoot = "";
			targets = (
				4D8175EE2101C90B00711BD6 /* iOS Example */,
			);
		};
/* End PBXProject section */

/* Begin PBXReferenceProxy section */
		4D8CA0F12102EE54005D0875 /* Refreshable.framework */ = {
			isa = PBXReferenceProxy;
			fileType = wrapper.framework;
			path = Refreshable.framework;
			remoteRef = 4D8CA0F02102EE54005D0875 /* PBXContainerItemProxy */;
			sourceTree = BUILT_PRODUCTS_DIR;
		};
/* End PBXReferenceProxy section */

/* Begin PBXResourcesBuildPhase section */
		4D8175ED2101C90B00711BD6 /* Resources */ = {
			isa = PBXResourcesBuildPhase;
			buildActionMask = 2147483647;
			files = (
				4D8176112101C9A600711BD6 /* Main.storyboard in Resources */,
				4D8CA0E321024AFA005D0875 /* SampleCell.xib in Resources */,
				4D81760F2101C9A600711BD6 /* Assets.xcassets in Resources */,
				4D8176102101C9A600711BD6 /* LaunchScreen.storyboard in Resources */,
			);
			runOnlyForDeploymentPostprocessing = 0;
		};
/* End PBXResourcesBuildPhase section */

/* Begin PBXSourcesBuildPhase section */
		4D8175EB2101C90B00711BD6 /* Sources */ = {
			isa = PBXSourcesBuildPhase;
			buildActionMask = 2147483647;
			files = (
				4D8176142101C9A600711BD6 /* AppDelegate.swift in Sources */,
				4D8176132101C9A600711BD6 /* RefreshViewController.swift in Sources */,
				4D7192EA210E1BAF00BC8876 /* UIViewController.swift in Sources */,
				4D7192E6210DC56600BC8876 /* TextLoadingAnimator.swift in Sources */,
				4D7192E8210E17DB00BC8876 /* ListViewController.swift in Sources */,
				4D8CA0E221024AFA005D0875 /* SampleCell.swift in Sources */,
			);
			runOnlyForDeploymentPostprocessing = 0;
		};
/* End PBXSourcesBuildPhase section */

/* Begin PBXTargetDependency section */
		4D8CA0F32102F2A1005D0875 /* PBXTargetDependency */ = {
			isa = PBXTargetDependency;
			name = Refreshable;
			targetProxy = 4D8CA0F22102F2A1005D0875 /* PBXContainerItemProxy */;
		};
/* End PBXTargetDependency section */

/* Begin PBXVariantGroup section */
		4D8176072101C9A500711BD6 /* LaunchScreen.storyboard */ = {
			isa = PBXVariantGroup;
			children = (
				4D8176082101C9A500711BD6 /* Base */,
			);
			name = LaunchScreen.storyboard;
			sourceTree = "<group>";
		};
		4D8176092101C9A500711BD6 /* Main.storyboard */ = {
			isa = PBXVariantGroup;
			children = (
				4D81760A2101C9A500711BD6 /* Base */,
			);
			name = Main.storyboard;
			sourceTree = "<group>";
		};
/* End PBXVariantGroup section */

/* Begin XCBuildConfiguration section */
		4D8175FF2101C90C00711BD6 /* Debug */ = {
			isa = XCBuildConfiguration;
			buildSettings = {
				ALWAYS_SEARCH_USER_PATHS = NO;
				CLANG_ANALYZER_NONNULL = YES;
				CLANG_ANALYZER_NUMBER_OBJECT_CONVERSION = YES_AGGRESSIVE;
				CLANG_CXX_LANGUAGE_STANDARD = "gnu++14";
				CLANG_CXX_LIBRARY = "libc++";
				CLANG_ENABLE_MODULES = YES;
				CLANG_ENABLE_OBJC_ARC = YES;
				CLANG_ENABLE_OBJC_WEAK = YES;
				CLANG_WARN_BLOCK_CAPTURE_AUTORELEASING = YES;
				CLANG_WARN_BOOL_CONVERSION = YES;
				CLANG_WARN_COMMA = YES;
				CLANG_WARN_CONSTANT_CONVERSION = YES;
				CLANG_WARN_DEPRECATED_OBJC_IMPLEMENTATIONS = YES;
				CLANG_WARN_DIRECT_OBJC_ISA_USAGE = YES_ERROR;
				CLANG_WARN_DOCUMENTATION_COMMENTS = YES;
				CLANG_WARN_EMPTY_BODY = YES;
				CLANG_WARN_ENUM_CONVERSION = YES;
				CLANG_WARN_INFINITE_RECURSION = YES;
				CLANG_WARN_INT_CONVERSION = YES;
				CLANG_WARN_NON_LITERAL_NULL_CONVERSION = YES;
				CLANG_WARN_OBJC_IMPLICIT_RETAIN_SELF = YES;
				CLANG_WARN_OBJC_LITERAL_CONVERSION = YES;
				CLANG_WARN_OBJC_ROOT_CLASS = YES_ERROR;
				CLANG_WARN_RANGE_LOOP_ANALYSIS = YES;
				CLANG_WARN_STRICT_PROTOTYPES = YES;
				CLANG_WARN_SUSPICIOUS_MOVE = YES;
				CLANG_WARN_UNGUARDED_AVAILABILITY = YES_AGGRESSIVE;
				CLANG_WARN_UNREACHABLE_CODE = YES;
				CLANG_WARN__DUPLICATE_METHOD_MATCH = YES;
				CODE_SIGN_IDENTITY = "iPhone Developer";
				COPY_PHASE_STRIP = NO;
				DEBUG_INFORMATION_FORMAT = dwarf;
				ENABLE_STRICT_OBJC_MSGSEND = YES;
				ENABLE_TESTABILITY = YES;
				GCC_C_LANGUAGE_STANDARD = gnu11;
				GCC_DYNAMIC_NO_PIC = NO;
				GCC_NO_COMMON_BLOCKS = YES;
				GCC_OPTIMIZATION_LEVEL = 0;
				GCC_PREPROCESSOR_DEFINITIONS = (
					"DEBUG=1",
					"$(inherited)",
				);
				GCC_WARN_64_TO_32_BIT_CONVERSION = YES;
				GCC_WARN_ABOUT_RETURN_TYPE = YES_ERROR;
				GCC_WARN_UNDECLARED_SELECTOR = YES;
				GCC_WARN_UNINITIALIZED_AUTOS = YES_AGGRESSIVE;
				GCC_WARN_UNUSED_FUNCTION = YES;
				GCC_WARN_UNUSED_VARIABLE = YES;
				IPHONEOS_DEPLOYMENT_TARGET = 11.4;
				MTL_ENABLE_DEBUG_INFO = YES;
				ONLY_ACTIVE_ARCH = YES;
				SDKROOT = iphoneos;
				SWIFT_ACTIVE_COMPILATION_CONDITIONS = DEBUG;
				SWIFT_OPTIMIZATION_LEVEL = "-Onone";
			};
			name = Debug;
		};
		4D8176002101C90C00711BD6 /* Release */ = {
			isa = XCBuildConfiguration;
			buildSettings = {
				ALWAYS_SEARCH_USER_PATHS = NO;
				CLANG_ANALYZER_NONNULL = YES;
				CLANG_ANALYZER_NUMBER_OBJECT_CONVERSION = YES_AGGRESSIVE;
				CLANG_CXX_LANGUAGE_STANDARD = "gnu++14";
				CLANG_CXX_LIBRARY = "libc++";
				CLANG_ENABLE_MODULES = YES;
				CLANG_ENABLE_OBJC_ARC = YES;
				CLANG_ENABLE_OBJC_WEAK = YES;
				CLANG_WARN_BLOCK_CAPTURE_AUTORELEASING = YES;
				CLANG_WARN_BOOL_CONVERSION = YES;
				CLANG_WARN_COMMA = YES;
				CLANG_WARN_CONSTANT_CONVERSION = YES;
				CLANG_WARN_DEPRECATED_OBJC_IMPLEMENTATIONS = YES;
				CLANG_WARN_DIRECT_OBJC_ISA_USAGE = YES_ERROR;
				CLANG_WARN_DOCUMENTATION_COMMENTS = YES;
				CLANG_WARN_EMPTY_BODY = YES;
				CLANG_WARN_ENUM_CONVERSION = YES;
				CLANG_WARN_INFINITE_RECURSION = YES;
				CLANG_WARN_INT_CONVERSION = YES;
				CLANG_WARN_NON_LITERAL_NULL_CONVERSION = YES;
				CLANG_WARN_OBJC_IMPLICIT_RETAIN_SELF = YES;
				CLANG_WARN_OBJC_LITERAL_CONVERSION = YES;
				CLANG_WARN_OBJC_ROOT_CLASS = YES_ERROR;
				CLANG_WARN_RANGE_LOOP_ANALYSIS = YES;
				CLANG_WARN_STRICT_PROTOTYPES = YES;
				CLANG_WARN_SUSPICIOUS_MOVE = YES;
				CLANG_WARN_UNGUARDED_AVAILABILITY = YES_AGGRESSIVE;
				CLANG_WARN_UNREACHABLE_CODE = YES;
				CLANG_WARN__DUPLICATE_METHOD_MATCH = YES;
				CODE_SIGN_IDENTITY = "iPhone Developer";
				COPY_PHASE_STRIP = NO;
				DEBUG_INFORMATION_FORMAT = "dwarf-with-dsym";
				ENABLE_NS_ASSERTIONS = NO;
				ENABLE_STRICT_OBJC_MSGSEND = YES;
				GCC_C_LANGUAGE_STANDARD = gnu11;
				GCC_NO_COMMON_BLOCKS = YES;
				GCC_WARN_64_TO_32_BIT_CONVERSION = YES;
				GCC_WARN_ABOUT_RETURN_TYPE = YES_ERROR;
				GCC_WARN_UNDECLARED_SELECTOR = YES;
				GCC_WARN_UNINITIALIZED_AUTOS = YES_AGGRESSIVE;
				GCC_WARN_UNUSED_FUNCTION = YES;
				GCC_WARN_UNUSED_VARIABLE = YES;
				IPHONEOS_DEPLOYMENT_TARGET = 11.4;
				MTL_ENABLE_DEBUG_INFO = NO;
				SDKROOT = iphoneos;
				SWIFT_COMPILATION_MODE = wholemodule;
				SWIFT_OPTIMIZATION_LEVEL = "-O";
				VALIDATE_PRODUCT = YES;
			};
			name = Release;
		};
		4D8176022101C90C00711BD6 /* Debug */ = {
			isa = XCBuildConfiguration;
			buildSettings = {
				ASSETCATALOG_COMPILER_APPICON_NAME = AppIcon;
				CODE_SIGN_STYLE = Automatic;
				DEVELOPMENT_TEAM = 6ZVUJ9G9RV;
				INFOPLIST_FILE = "$(SRCROOT)/Resources/Info.plist";
				LD_RUNPATH_SEARCH_PATHS = (
					"$(inherited)",
					"@executable_path/Frameworks",
				);
				PRODUCT_BUNDLE_IDENTIFIER = "org.toprating.iOS-Example";
				PRODUCT_NAME = "$(TARGET_NAME)";
				SWIFT_VERSION = 4.0;
				TARGETED_DEVICE_FAMILY = "1,2";
			};
			name = Debug;
		};
		4D8176032101C90C00711BD6 /* Release */ = {
			isa = XCBuildConfiguration;
			buildSettings = {
				ASSETCATALOG_COMPILER_APPICON_NAME = AppIcon;
				CODE_SIGN_STYLE = Automatic;
				DEVELOPMENT_TEAM = 6ZVUJ9G9RV;
				INFOPLIST_FILE = "$(SRCROOT)/Resources/Info.plist";
				LD_RUNPATH_SEARCH_PATHS = (
					"$(inherited)",
					"@executable_path/Frameworks",
				);
				PRODUCT_BUNDLE_IDENTIFIER = "org.toprating.iOS-Example";
				PRODUCT_NAME = "$(TARGET_NAME)";
				SWIFT_VERSION = 4.0;
				TARGETED_DEVICE_FAMILY = "1,2";
			};
			name = Release;
		};
/* End XCBuildConfiguration section */

/* Begin XCConfigurationList section */
		4D8175EA2101C90B00711BD6 /* Build configuration list for PBXProject "iOS Example" */ = {
			isa = XCConfigurationList;
			buildConfigurations = (
				4D8175FF2101C90C00711BD6 /* Debug */,
				4D8176002101C90C00711BD6 /* Release */,
			);
			defaultConfigurationIsVisible = 0;
			defaultConfigurationName = Release;
		};
		4D8176012101C90C00711BD6 /* Build configuration list for PBXNativeTarget "iOS Example" */ = {
			isa = XCConfigurationList;
			buildConfigurations = (
				4D8176022101C90C00711BD6 /* Debug */,
				4D8176032101C90C00711BD6 /* Release */,
			);
			defaultConfigurationIsVisible = 0;
			defaultConfigurationName = Release;
		};
/* End XCConfigurationList section */
	};
	rootObject = 4D8175E72101C90B00711BD6 /* Project object */;
}
